{
  "requires": true,
  "lockfileVersion": 1,
  "dependencies": {
    "talkify-tts": {
      "version": "3.9.0",
      "resolved": "https://registry.npmjs.org/talkify-tts/-/talkify-tts-3.9.0.tgz",
      "integrity": "sha512-C0zQU8mgUbRHJt+0m/xI5N5i8t7JqlI7PLJw9c0ki7RuZPFvKRK7zuBaJ8VNIuwFMM5b7nr+Y9JHoKE4jfdVng=="
    }
  }
}
